
Microsoft Visual Studio Solution File, Format Version 12.00
# Visual Studio 15
VisualStudioVersion = 15.0.28307.1082
MinimumVisualStudioVersion = 10.0.40219.1
Project("{8BC9CEB8-8B4A-11D0-8D11-00A0C91BC942}") = "Question01", "Step001\Question01\Question01.vcxproj", "{92F81373-0CC7-4236-A8DB-D95FFC9B53D5}"
EndProject
Project("{8BC9CEB8-8B4A-11D0-8D11-00A0C91BC942}") = "Question02", "Step001\Question02\Question02.vcxproj", "{41926C47-15BD-47B8-8E61-013E5A333687}"
EndProject
Project("{8BC9CEB8-8B4A-11D0-8D11-00A0C91BC942}") = "Question02_01", "Step002\Question02_01\Question02_01.vcxproj", "{685D986F-2969-4FB3-BA86-BD20D3309376}"
EndProject
Project("{8BC9CEB8-8B4A-11D0-8D11-00A0C91BC942}") = "Question02_02", "Step002\Question02_02\Question02_02.vcxproj", "{EF023FB5-8D11-43F3-9F39-BBC869B98C07}"
EndProject
Project("{8BC9CEB8-8B4A-11D0-8D11-00A0C91BC942}") = "Question03_01", "Step003\Question03_01\Question03_01.vcxproj", "{3431896D-B713-4AA7-8174-6FCDA6211B75}"
EndProject
Project("{8BC9CEB8-8B4A-11D0-8D11-00A0C91BC942}") = "Question03_02", "Step003\Question03_02\Question03_02.vcxproj", "{1FDF1A9F-DC90-49CC-BE6D-AF3CD17A1AB1}"
EndProject
Project("{8BC9CEB8-8B4A-11D0-8D11-00A0C91BC942}") = "Question04_01", "Step004\Question04_01\Question04_01.vcxproj", "{2C91997E-AE17-4DD9-B12B-D781D4051020}"
EndProject
Project("{8BC9CEB8-8B4A-11D0-8D11-00A0C91BC942}") = "Question04_02", "Step004\Question04_02\Question04_02.vcxproj", "{6A713836-1830-4D41-B1B6-9E5DA6A3983E}"
EndProject
Project("{8BC9CEB8-8B4A-11D0-8D11-00A0C91BC942}") = "Question05_01", "Step005\Question05_01\Question05_01.vcxproj", "{8A6F7BB9-3D6E-4FFE-9AE2-C186390C3D40}"
EndProject
Project("{8BC9CEB8-8B4A-11D0-8D11-00A0C91BC942}") = "Question05_02", "Step005\Question05_02\Question05_02.vcxproj", "{8F1330B3-8558-4771-8059-AC669C97F55D}"
EndProject
Project("{8BC9CEB8-8B4A-11D0-8D11-00A0C91BC942}") = "Question06_01", "Step006\Question06_01\Question06_01.vcxproj", "{0AD34106-ABE2-477D-A34B-F4884C553041}"
EndProject
Project("{8BC9CEB8-8B4A-11D0-8D11-00A0C91BC942}") = "Question06_02", "Step006\Question06_02\Question06_02.vcxproj", "{8555FB43-8453-464C-B4A6-CABD6B66A4FD}"
EndProject
Project("{8BC9CEB8-8B4A-11D0-8D11-00A0C91BC942}") = "Question06_03", "Step006\Question06_03\Question06_03.vcxproj", "{931D6C06-8EDB-4C76-B57B-1D16B76AD180}"
EndProject
Project("{8BC9CEB8-8B4A-11D0-8D11-00A0C91BC942}") = "Question07_01", "Step007\Question07_01\Question07_01.vcxproj", "{2868B4C4-5F19-4165-8390-448848C3FCF5}"
EndProject
Project("{8BC9CEB8-8B4A-11D0-8D11-00A0C91BC942}") = "Question07_02", "Step007\Question07_02\Question07_02.vcxproj", "{CAE55FD1-30C0-4B75-95FB-8428720A1EFB}"
EndProject
Global
	GlobalSection(SolutionConfigurationPlatforms) = preSolution
		Debug|x64 = Debug|x64
		Debug|x86 = Debug|x86
		Release|x64 = Release|x64
		Release|x86 = Release|x86
	EndGlobalSection
	GlobalSection(ProjectConfigurationPlatforms) = postSolution
		{92F81373-0CC7-4236-A8DB-D95FFC9B53D5}.Debug|x64.ActiveCfg = Debug|x64
		{92F81373-0CC7-4236-A8DB-D95FFC9B53D5}.Debug|x64.Build.0 = Debug|x64
		{92F81373-0CC7-4236-A8DB-D95FFC9B53D5}.Debug|x86.ActiveCfg = Debug|Win32
		{92F81373-0CC7-4236-A8DB-D95FFC9B53D5}.Debug|x86.Build.0 = Debug|Win32
		{92F81373-0CC7-4236-A8DB-D95FFC9B53D5}.Release|x64.ActiveCfg = Release|x64
		{92F81373-0CC7-4236-A8DB-D95FFC9B53D5}.Release|x64.Build.0 = Release|x64
		{92F81373-0CC7-4236-A8DB-D95FFC9B53D5}.Release|x86.ActiveCfg = Release|Win32
		{92F81373-0CC7-4236-A8DB-D95FFC9B53D5}.Release|x86.Build.0 = Release|Win32
		{41926C47-15BD-47B8-8E61-013E5A333687}.Debug|x64.ActiveCfg = Debug|x64
		{41926C47-15BD-47B8-8E61-013E5A333687}.Debug|x64.Build.0 = Debug|x64
		{41926C47-15BD-47B8-8E61-013E5A333687}.Debug|x86.ActiveCfg = Debug|Win32
		{41926C47-15BD-47B8-8E61-013E5A333687}.Debug|x86.Build.0 = Debug|Win32
		{41926C47-15BD-47B8-8E61-013E5A333687}.Release|x64.ActiveCfg = Release|x64
		{41926C47-15BD-47B8-8E61-013E5A333687}.Release|x64.Build.0 = Release|x64
		{41926C47-15BD-47B8-8E61-013E5A333687}.Release|x86.ActiveCfg = Release|Win32
		{41926C47-15BD-47B8-8E61-013E5A333687}.Release|x86.Build.0 = Release|Win32
		{685D986F-2969-4FB3-BA86-BD20D3309376}.Debug|x64.ActiveCfg = Debug|x64
		{685D986F-2969-4FB3-BA86-BD20D3309376}.Debug|x64.Build.0 = Debug|x64
		{685D986F-2969-4FB3-BA86-BD20D3309376}.Debug|x86.ActiveCfg = Debug|Win32
		{685D986F-2969-4FB3-BA86-BD20D3309376}.Debug|x86.Build.0 = Debug|Win32
		{685D986F-2969-4FB3-BA86-BD20D3309376}.Release|x64.ActiveCfg = Release|x64
		{685D986F-2969-4FB3-BA86-BD20D3309376}.Release|x64.Build.0 = Release|x64
		{685D986F-2969-4FB3-BA86-BD20D3309376}.Release|x86.ActiveCfg = Release|Win32
		{685D986F-2969-4FB3-BA86-BD20D3309376}.Release|x86.Build.0 = Release|Win32
		{EF023FB5-8D11-43F3-9F39-BBC869B98C07}.Debug|x64.ActiveCfg = Debug|x64
		{EF023FB5-8D11-43F3-9F39-BBC869B98C07}.Debug|x64.Build.0 = Debug|x64
		{EF023FB5-8D11-43F3-9F39-BBC869B98C07}.Debug|x86.ActiveCfg = Debug|Win32
		{EF023FB5-8D11-43F3-9F39-BBC869B98C07}.Debug|x86.Build.0 = Debug|Win32
		{EF023FB5-8D11-43F3-9F39-BBC869B98C07}.Release|x64.ActiveCfg = Release|x64
		{EF023FB5-8D11-43F3-9F39-BBC869B98C07}.Release|x64.Build.0 = Release|x64
		{EF023FB5-8D11-43F3-9F39-BBC869B98C07}.Release|x86.ActiveCfg = Release|Win32
		{EF023FB5-8D11-43F3-9F39-BBC869B98C07}.Release|x86.Build.0 = Release|Win32
		{3431896D-B713-4AA7-8174-6FCDA6211B75}.Debug|x64.ActiveCfg = Debug|x64
		{3431896D-B713-4AA7-8174-6FCDA6211B75}.Debug|x64.Build.0 = Debug|x64
		{3431896D-B713-4AA7-8174-6FCDA6211B75}.Debug|x86.ActiveCfg = Debug|Win32
		{3431896D-B713-4AA7-8174-6FCDA6211B75}.Debug|x86.Build.0 = Debug|Win32
		{3431896D-B713-4AA7-8174-6FCDA6211B75}.Release|x64.ActiveCfg = Release|x64
		{3431896D-B713-4AA7-8174-6FCDA6211B75}.Release|x64.Build.0 = Release|x64
		{3431896D-B713-4AA7-8174-6FCDA6211B75}.Release|x86.ActiveCfg = Release|Win32
		{3431896D-B713-4AA7-8174-6FCDA6211B75}.Release|x86.Build.0 = Release|Win32
		{1FDF1A9F-DC90-49CC-BE6D-AF3CD17A1AB1}.Debug|x64.ActiveCfg = Debug|x64
		{1FDF1A9F-DC90-49CC-BE6D-AF3CD17A1AB1}.Debug|x64.Build.0 = Debug|x64
		{1FDF1A9F-DC90-49CC-BE6D-AF3CD17A1AB1}.Debug|x86.ActiveCfg = Debug|Win32
		{1FDF1A9F-DC90-49CC-BE6D-AF3CD17A1AB1}.Debug|x86.Build.0 = Debug|Win32
		{1FDF1A9F-DC90-49CC-BE6D-AF3CD17A1AB1}.Release|x64.ActiveCfg = Release|x64
		{1FDF1A9F-DC90-49CC-BE6D-AF3CD17A1AB1}.Release|x64.Build.0 = Release|x64
		{1FDF1A9F-DC90-49CC-BE6D-AF3CD17A1AB1}.Release|x86.ActiveCfg = Release|Win32
		{1FDF1A9F-DC90-49CC-BE6D-AF3CD17A1AB1}.Release|x86.Build.0 = Release|Win32
		{2C91997E-AE17-4DD9-B12B-D781D4051020}.Debug|x64.ActiveCfg = Debug|x64
		{2C91997E-AE17-4DD9-B12B-D781D4051020}.Debug|x64.Build.0 = Debug|x64
		{2C91997E-AE17-4DD9-B12B-D781D4051020}.Debug|x86.ActiveCfg = Debug|Win32
		{2C91997E-AE17-4DD9-B12B-D781D4051020}.Debug|x86.Build.0 = Debug|Win32
		{2C91997E-AE17-4DD9-B12B-D781D4051020}.Release|x64.ActiveCfg = Release|x64
		{2C91997E-AE17-4DD9-B12B-D781D4051020}.Release|x64.Build.0 = Release|x64
		{2C91997E-AE17-4DD9-B12B-D781D4051020}.Release|x86.ActiveCfg = Release|Win32
		{2C91997E-AE17-4DD9-B12B-D781D4051020}.Release|x86.Build.0 = Release|Win32
		{6A713836-1830-4D41-B1B6-9E5DA6A3983E}.Debug|x64.ActiveCfg = Debug|x64
		{6A713836-1830-4D41-B1B6-9E5DA6A3983E}.Debug|x64.Build.0 = Debug|x64
		{6A713836-1830-4D41-B1B6-9E5DA6A3983E}.Debug|x86.ActiveCfg = Debug|Win32
		{6A713836-1830-4D41-B1B6-9E5DA6A3983E}.Debug|x86.Build.0 = Debug|Win32
		{6A713836-1830-4D41-B1B6-9E5DA6A3983E}.Release|x64.ActiveCfg = Release|x64
		{6A713836-1830-4D41-B1B6-9E5DA6A3983E}.Release|x64.Build.0 = Release|x64
		{6A713836-1830-4D41-B1B6-9E5DA6A3983E}.Release|x86.ActiveCfg = Release|Win32
		{6A713836-1830-4D41-B1B6-9E5DA6A3983E}.Release|x86.Build.0 = Release|Win32
		{8A6F7BB9-3D6E-4FFE-9AE2-C186390C3D40}.Debug|x64.ActiveCfg = Debug|x64
		{8A6F7BB9-3D6E-4FFE-9AE2-C186390C3D40}.Debug|x64.Build.0 = Debug|x64
		{8A6F7BB9-3D6E-4FFE-9AE2-C186390C3D40}.Debug|x86.ActiveCfg = Debug|Win32
		{8A6F7BB9-3D6E-4FFE-9AE2-C186390C3D40}.Debug|x86.Build.0 = Debug|Win32
		{8A6F7BB9-3D6E-4FFE-9AE2-C186390C3D40}.Release|x64.ActiveCfg = Release|x64
		{8A6F7BB9-3D6E-4FFE-9AE2-C186390C3D40}.Release|x64.Build.0 = Release|x64
		{8A6F7BB9-3D6E-4FFE-9AE2-C186390C3D40}.Release|x86.ActiveCfg = Release|Win32
		{8A6F7BB9-3D6E-4FFE-9AE2-C186390C3D40}.Release|x86.Build.0 = Release|Win32
		{8F1330B3-8558-4771-8059-AC669C97F55D}.Debug|x64.ActiveCfg = Debug|x64
		{8F1330B3-8558-4771-8059-AC669C97F55D}.Debug|x64.Build.0 = Debug|x64
		{8F1330B3-8558-4771-8059-AC669C97F55D}.Debug|x86.ActiveCfg = Debug|Win32
		{8F1330B3-8558-4771-8059-AC669C97F55D}.Debug|x86.Build.0 = Debug|Win32
		{8F1330B3-8558-4771-8059-AC669C97F55D}.Release|x64.ActiveCfg = Release|x64
		{8F1330B3-8558-4771-8059-AC669C97F55D}.Release|x64.Build.0 = Release|x64
		{8F1330B3-8558-4771-8059-AC669C97F55D}.Release|x86.ActiveCfg = Release|Win32
		{8F1330B3-8558-4771-8059-AC669C97F55D}.Release|x86.Build.0 = Release|Win32
		{0AD34106-ABE2-477D-A34B-F4884C553041}.Debug|x64.ActiveCfg = Debug|x64
		{0AD34106-ABE2-477D-A34B-F4884C553041}.Debug|x64.Build.0 = Debug|x64
		{0AD34106-ABE2-477D-A34B-F4884C553041}.Debug|x86.ActiveCfg = Debug|Win32
		{0AD34106-ABE2-477D-A34B-F4884C553041}.Debug|x86.Build.0 = Debug|Win32
		{0AD34106-ABE2-477D-A34B-F4884C553041}.Release|x64.ActiveCfg = Release|x64
		{0AD34106-ABE2-477D-A34B-F4884C553041}.Release|x64.Build.0 = Release|x64
		{0AD34106-ABE2-477D-A34B-F4884C553041}.Release|x86.ActiveCfg = Release|Win32
		{0AD34106-ABE2-477D-A34B-F4884C553041}.Release|x86.Build.0 = Release|Win32
		{8555FB43-8453-464C-B4A6-CABD6B66A4FD}.Debug|x64.ActiveCfg = Debug|x64
		{8555FB43-8453-464C-B4A6-CABD6B66A4FD}.Debug|x64.Build.0 = Debug|x64
		{8555FB43-8453-464C-B4A6-CABD6B66A4FD}.Debug|x86.ActiveCfg = Debug|Win32
		{8555FB43-8453-464C-B4A6-CABD6B66A4FD}.Debug|x86.Build.0 = Debug|Win32
		{8555FB43-8453-464C-B4A6-CABD6B66A4FD}.Release|x64.ActiveCfg = Release|x64
		{8555FB43-8453-464C-B4A6-CABD6B66A4FD}.Release|x64.Build.0 = Release|x64
		{8555FB43-8453-464C-B4A6-CABD6B66A4FD}.Release|x86.ActiveCfg = Release|Win32
		{8555FB43-8453-464C-B4A6-CABD6B66A4FD}.Release|x86.Build.0 = Release|Win32
		{931D6C06-8EDB-4C76-B57B-1D16B76AD180}.Debug|x64.ActiveCfg = Debug|x64
		{931D6C06-8EDB-4C76-B57B-1D16B76AD180}.Debug|x64.Build.0 = Debug|x64
		{931D6C06-8EDB-4C76-B57B-1D16B76AD180}.Debug|x86.ActiveCfg = Debug|Win32
		{931D6C06-8EDB-4C76-B57B-1D16B76AD180}.Debug|x86.Build.0 = Debug|Win32
		{931D6C06-8EDB-4C76-B57B-1D16B76AD180}.Release|x64.ActiveCfg = Release|x64
		{931D6C06-8EDB-4C76-B57B-1D16B76AD180}.Release|x64.Build.0 = Release|x64
		{931D6C06-8EDB-4C76-B57B-1D16B76AD180}.Release|x86.ActiveCfg = Release|Win32
		{931D6C06-8EDB-4C76-B57B-1D16B76AD180}.Release|x86.Build.0 = Release|Win32
		{2868B4C4-5F19-4165-8390-448848C3FCF5}.Debug|x64.ActiveCfg = Debug|x64
		{2868B4C4-5F19-4165-8390-448848C3FCF5}.Debug|x64.Build.0 = Debug|x64
		{2868B4C4-5F19-4165-8390-448848C3FCF5}.Debug|x86.ActiveCfg = Debug|Win32
		{2868B4C4-5F19-4165-8390-448848C3FCF5}.Debug|x86.Build.0 = Debug|Win32
		{2868B4C4-5F19-4165-8390-448848C3FCF5}.Release|x64.ActiveCfg = Release|x64
		{2868B4C4-5F19-4165-8390-448848C3FCF5}.Release|x64.Build.0 = Release|x64
		{2868B4C4-5F19-4165-8390-448848C3FCF5}.Release|x86.ActiveCfg = Release|Win32
		{2868B4C4-5F19-4165-8390-448848C3FCF5}.Release|x86.Build.0 = Release|Win32
		{CAE55FD1-30C0-4B75-95FB-8428720A1EFB}.Debug|x64.ActiveCfg = Debug|x64
		{CAE55FD1-30C0-4B75-95FB-8428720A1EFB}.Debug|x64.Build.0 = Debug|x64
		{CAE55FD1-30C0-4B75-95FB-8428720A1EFB}.Debug|x86.ActiveCfg = Debug|Win32
		{CAE55FD1-30C0-4B75-95FB-8428720A1EFB}.Debug|x86.Build.0 = Debug|Win32
		{CAE55FD1-30C0-4B75-95FB-8428720A1EFB}.Release|x64.ActiveCfg = Release|x64
		{CAE55FD1-30C0-4B75-95FB-8428720A1EFB}.Release|x64.Build.0 = Release|x64
		{CAE55FD1-30C0-4B75-95FB-8428720A1EFB}.Release|x86.ActiveCfg = Release|Win32
		{CAE55FD1-30C0-4B75-95FB-8428720A1EFB}.Release|x86.Build.0 = Release|Win32
	EndGlobalSection
	GlobalSection(SolutionProperties) = preSolution
		HideSolutionNode = FALSE
	EndGlobalSection
	GlobalSection(ExtensibilityGlobals) = postSolution
		SolutionGuid = {2E6486FE-51FB-45A4-8832-B8859A73828E}
	EndGlobalSection
EndGlobal
